// !$*UTF8*$!
{
	archiveVersion = 1;
	classes = {
	};
	objectVersion = 55;
	objects = {

/* Begin PBXBuildFile section */
		4A2CCB6727C94D4700D13DEA /* AppDelegate.swift in Sources */ = {isa = PBXBuildFile; fileRef = 4A2CCB6627C94D4700D13DEA /* AppDelegate.swift */; };
		4A2CCB6927C94D4700D13DEA /* SceneDelegate.swift in Sources */ = {isa = PBXBuildFile; fileRef = 4A2CCB6827C94D4700D13DEA /* SceneDelegate.swift */; };
		4A2CCB7027C94D4700D13DEA /* Assets.xcassets in Resources */ = {isa = PBXBuildFile; fileRef = 4A2CCB6F27C94D4700D13DEA /* Assets.xcassets */; };
		4A2CCB7327C94D4700D13DEA /* LaunchScreen.storyboard in Resources */ = {isa = PBXBuildFile; fileRef = 4A2CCB7127C94D4700D13DEA /* LaunchScreen.storyboard */; };
		4A2CCB7E27C94D4800D13DEA /* NewsAppTests.swift in Sources */ = {isa = PBXBuildFile; fileRef = 4A2CCB7D27C94D4800D13DEA /* NewsAppTests.swift */; };
		4A2CCB8827C94D4800D13DEA /* NewsAppUITests.swift in Sources */ = {isa = PBXBuildFile; fileRef = 4A2CCB8727C94D4800D13DEA /* NewsAppUITests.swift */; };
		4A2CCB8A27C94D4800D13DEA /* NewsAppUITestsLaunchTests.swift in Sources */ = {isa = PBXBuildFile; fileRef = 4A2CCB8927C94D4800D13DEA /* NewsAppUITestsLaunchTests.swift */; };
		4A2CCB9B27C94E0200D13DEA /* MainVC.swift in Sources */ = {isa = PBXBuildFile; fileRef = 4A2CCB9A27C94E0200D13DEA /* MainVC.swift */; };
		4A2CCBBF27C950EB00D13DEA /* Api.swift in Sources */ = {isa = PBXBuildFile; fileRef = 4A2CCBBE27C950EB00D13DEA /* Api.swift */; };
		4A2CCBC127C9537600D13DEA /* Config.xcconfig in Resources */ = {isa = PBXBuildFile; fileRef = 4A2CCBC027C9537600D13DEA /* Config.xcconfig */; };
/* End PBXBuildFile section */

/* Begin PBXContainerItemProxy section */
		4A2CCB7A27C94D4800D13DEA /* PBXContainerItemProxy */ = {
			isa = PBXContainerItemProxy;
			containerPortal = 4A2CCB5B27C94D4700D13DEA /* Project object */;
			proxyType = 1;
			remoteGlobalIDString = 4A2CCB6227C94D4700D13DEA;
			remoteInfo = NewsApp;
		};
		4A2CCB8427C94D4800D13DEA /* PBXContainerItemProxy */ = {
			isa = PBXContainerItemProxy;
			containerPortal = 4A2CCB5B27C94D4700D13DEA /* Project object */;
			proxyType = 1;
			remoteGlobalIDString = 4A2CCB6227C94D4700D13DEA;
			remoteInfo = NewsApp;
		};
/* End PBXContainerItemProxy section */

/* Begin PBXFileReference section */
		4A2CCB6327C94D4700D13DEA /* NewsApp.app */ = {isa = PBXFileReference; explicitFileType = wrapper.application; includeInIndex = 0; path = NewsApp.app; sourceTree = BUILT_PRODUCTS_DIR; };
		4A2CCB6627C94D4700D13DEA /* AppDelegate.swift */ = {isa = PBXFileReference; lastKnownFileType = sourcecode.swift; path = AppDelegate.swift; sourceTree = "<group>"; };
		4A2CCB6827C94D4700D13DEA /* SceneDelegate.swift */ = {isa = PBXFileReference; lastKnownFileType = sourcecode.swift; path = SceneDelegate.swift; sourceTree = "<group>"; };
		4A2CCB6F27C94D4700D13DEA /* Assets.xcassets */ = {isa = PBXFileReference; lastKnownFileType = folder.assetcatalog; path = Assets.xcassets; sourceTree = "<group>"; };
		4A2CCB7227C94D4700D13DEA /* Base */ = {isa = PBXFileReference; lastKnownFileType = file.storyboard; name = Base; path = Base.lproj/LaunchScreen.storyboard; sourceTree = "<group>"; };
		4A2CCB7427C94D4700D13DEA /* Info.plist */ = {isa = PBXFileReference; lastKnownFileType = text.plist.xml; path = Info.plist; sourceTree = "<group>"; };
		4A2CCB7927C94D4800D13DEA /* NewsAppTests.xctest */ = {isa = PBXFileReference; explicitFileType = wrapper.cfbundle; includeInIndex = 0; path = NewsAppTests.xctest; sourceTree = BUILT_PRODUCTS_DIR; };
		4A2CCB7D27C94D4800D13DEA /* NewsAppTests.swift */ = {isa = PBXFileReference; lastKnownFileType = sourcecode.swift; path = NewsAppTests.swift; sourceTree = "<group>"; };
		4A2CCB8327C94D4800D13DEA /* NewsAppUITests.xctest */ = {isa = PBXFileReference; explicitFileType = wrapper.cfbundle; includeInIndex = 0; path = NewsAppUITests.xctest; sourceTree = BUILT_PRODUCTS_DIR; };
		4A2CCB8727C94D4800D13DEA /* NewsAppUITests.swift */ = {isa = PBXFileReference; lastKnownFileType = sourcecode.swift; path = NewsAppUITests.swift; sourceTree = "<group>"; };
		4A2CCB8927C94D4800D13DEA /* NewsAppUITestsLaunchTests.swift */ = {isa = PBXFileReference; lastKnownFileType = sourcecode.swift; path = NewsAppUITestsLaunchTests.swift; sourceTree = "<group>"; };
		4A2CCB9A27C94E0200D13DEA /* MainVC.swift */ = {isa = PBXFileReference; lastKnownFileType = sourcecode.swift; path = MainVC.swift; sourceTree = "<group>"; };
		4A2CCBBE27C950EB00D13DEA /* Api.swift */ = {isa = PBXFileReference; lastKnownFileType = sourcecode.swift; path = Api.swift; sourceTree = "<group>"; };
		4A2CCBC027C9537600D13DEA /* Config.xcconfig */ = {isa = PBXFileReference; lastKnownFileType = text.xcconfig; path = Config.xcconfig; sourceTree = "<group>"; };
/* End PBXFileReference section */

/* Begin PBXFrameworksBuildPhase section */
		4A2CCB6027C94D4700D13DEA /* Frameworks */ = {
			isa = PBXFrameworksBuildPhase;
			buildActionMask = 2147483647;
			files = (
			);
			runOnlyForDeploymentPostprocessing = 0;
		};
		4A2CCB7627C94D4800D13DEA /* Frameworks */ = {
			isa = PBXFrameworksBuildPhase;
			buildActionMask = 2147483647;
			files = (
			);
			runOnlyForDeploymentPostprocessing = 0;
		};
		4A2CCB8027C94D4800D13DEA /* Frameworks */ = {
			isa = PBXFrameworksBuildPhase;
			buildActionMask = 2147483647;
			files = (
			);
			runOnlyForDeploymentPostprocessing = 0;
		};
/* End PBXFrameworksBuildPhase section */

/* Begin PBXGroup section */
		4A2CCB5A27C94D4700D13DEA = {
			isa = PBXGroup;
			children = (
				4A2CCBC027C9537600D13DEA /* Config.xcconfig */,
				4A2CCBBB27C94EEA00D13DEA /* Source */,
				4A2CCB6527C94D4700D13DEA /* NewsApp */,
				4A2CCB7C27C94D4800D13DEA /* NewsAppTests */,
				4A2CCB8627C94D4800D13DEA /* NewsAppUITests */,
				4A2CCB6427C94D4700D13DEA /* Products */,
			);
			sourceTree = "<group>";
		};
		4A2CCB6427C94D4700D13DEA /* Products */ = {
			isa = PBXGroup;
			children = (
				4A2CCB6327C94D4700D13DEA /* NewsApp.app */,
				4A2CCB7927C94D4800D13DEA /* NewsAppTests.xctest */,
				4A2CCB8327C94D4800D13DEA /* NewsAppUITests.xctest */,
			);
			name = Products;
			sourceTree = "<group>";
		};
		4A2CCB6527C94D4700D13DEA /* NewsApp */ = {
			isa = PBXGroup;
			children = (
				4A2CCB6627C94D4700D13DEA /* AppDelegate.swift */,
				4A2CCB6827C94D4700D13DEA /* SceneDelegate.swift */,
				4A2CCB7127C94D4700D13DEA /* LaunchScreen.storyboard */,
				4A2CCB7427C94D4700D13DEA /* Info.plist */,
			);
			path = NewsApp;
			sourceTree = "<group>";
		};
		4A2CCB7C27C94D4800D13DEA /* NewsAppTests */ = {
			isa = PBXGroup;
			children = (
				4A2CCB7D27C94D4800D13DEA /* NewsAppTests.swift */,
			);
			path = NewsAppTests;
			sourceTree = "<group>";
		};
		4A2CCB8627C94D4800D13DEA /* NewsAppUITests */ = {
			isa = PBXGroup;
			children = (
				4A2CCB8727C94D4800D13DEA /* NewsAppUITests.swift */,
				4A2CCB8927C94D4800D13DEA /* NewsAppUITestsLaunchTests.swift */,
			);
			path = NewsAppUITests;
			sourceTree = "<group>";
		};
		4A2CCB9627C94DC000D13DEA /* Screens */ = {
			isa = PBXGroup;
			children = (
				4A2CCB9727C94DD500D13DEA /* MainScreen */,
			);
			path = Screens;
			sourceTree = "<group>";
		};
		4A2CCB9727C94DD500D13DEA /* MainScreen */ = {
			isa = PBXGroup;
			children = (
				4A2CCB9A27C94E0200D13DEA /* MainVC.swift */,
			);
			path = MainScreen;
			sourceTree = "<group>";
		};
		4A2CCB9C27C94E7900D13DEA /* Resources */ = {
			isa = PBXGroup;
			children = (
				4A2CCB6F27C94D4700D13DEA /* Assets.xcassets */,
			);
			path = Resources;
			sourceTree = "<group>";
		};
		4A2CCBBB27C94EEA00D13DEA /* Source */ = {
			isa = PBXGroup;
			children = (
				4A2CCBBC27C94FAE00D13DEA /* Network */,
				4A2CCB9C27C94E7900D13DEA /* Resources */,
				4A2CCB9627C94DC000D13DEA /* Screens */,
			);
			path = Source;
			sourceTree = "<group>";
		};
		4A2CCBBC27C94FAE00D13DEA /* Network */ = {
			isa = PBXGroup;
			children = (
				4A2CCBBE27C950EB00D13DEA /* Api.swift */,
			);
			path = Network;
			sourceTree = "<group>";
		};
/* End PBXGroup section */

/* Begin PBXNativeTarget section */
		4A2CCB6227C94D4700D13DEA /* NewsApp */ = {
			isa = PBXNativeTarget;
			buildConfigurationList = 4A2CCB8D27C94D4800D13DEA /* Build configuration list for PBXNativeTarget "NewsApp" */;
			buildPhases = (
				4A2CCB5F27C94D4700D13DEA /* Sources */,
				4A2CCB6027C94D4700D13DEA /* Frameworks */,
				4A2CCB6127C94D4700D13DEA /* Resources */,
			);
			buildRules = (
			);
			dependencies = (
			);
			name = NewsApp;
			productName = NewsApp;
			productReference = 4A2CCB6327C94D4700D13DEA /* NewsApp.app */;
			productType = "com.apple.product-type.application";
		};
		4A2CCB7827C94D4800D13DEA /* NewsAppTests */ = {
			isa = PBXNativeTarget;
			buildConfigurationList = 4A2CCB9027C94D4800D13DEA /* Build configuration list for PBXNativeTarget "NewsAppTests" */;
			buildPhases = (
				4A2CCB7527C94D4800D13DEA /* Sources */,
				4A2CCB7627C94D4800D13DEA /* Frameworks */,
				4A2CCB7727C94D4800D13DEA /* Resources */,
			);
			buildRules = (
			);
			dependencies = (
				4A2CCB7B27C94D4800D13DEA /* PBXTargetDependency */,
			);
			name = NewsAppTests;
			productName = NewsAppTests;
			productReference = 4A2CCB7927C94D4800D13DEA /* NewsAppTests.xctest */;
			productType = "com.apple.product-type.bundle.unit-test";
		};
		4A2CCB8227C94D4800D13DEA /* NewsAppUITests */ = {
			isa = PBXNativeTarget;
			buildConfigurationList = 4A2CCB9327C94D4800D13DEA /* Build configuration list for PBXNativeTarget "NewsAppUITests" */;
			buildPhases = (
				4A2CCB7F27C94D4800D13DEA /* Sources */,
				4A2CCB8027C94D4800D13DEA /* Frameworks */,
				4A2CCB8127C94D4800D13DEA /* Resources */,
			);
			buildRules = (
			);
			dependencies = (
				4A2CCB8527C94D4800D13DEA /* PBXTargetDependency */,
			);
			name = NewsAppUITests;
			productName = NewsAppUITests;
			productReference = 4A2CCB8327C94D4800D13DEA /* NewsAppUITests.xctest */;
			productType = "com.apple.product-type.bundle.ui-testing";
		};
/* End PBXNativeTarget section */

/* Begin PBXProject section */
		4A2CCB5B27C94D4700D13DEA /* Project object */ = {
			isa = PBXProject;
			attributes = {
				BuildIndependentTargetsInParallel = 1;
				LastSwiftUpdateCheck = 1320;
				LastUpgradeCheck = 1320;
				TargetAttributes = {
					4A2CCB6227C94D4700D13DEA = {
						CreatedOnToolsVersion = 13.2.1;
					};
					4A2CCB7827C94D4800D13DEA = {
						CreatedOnToolsVersion = 13.2.1;
						TestTargetID = 4A2CCB6227C94D4700D13DEA;
					};
					4A2CCB8227C94D4800D13DEA = {
						CreatedOnToolsVersion = 13.2.1;
						TestTargetID = 4A2CCB6227C94D4700D13DEA;
					};
				};
			};
			buildConfigurationList = 4A2CCB5E27C94D4700D13DEA /* Build configuration list for PBXProject "NewsApp" */;
			compatibilityVersion = "Xcode 13.0";
			developmentRegion = en;
			hasScannedForEncodings = 0;
			knownRegions = (
				en,
				Base,
			);
			mainGroup = 4A2CCB5A27C94D4700D13DEA;
			productRefGroup = 4A2CCB6427C94D4700D13DEA /* Products */;
			projectDirPath = "";
			projectRoot = "";
			targets = (
				4A2CCB6227C94D4700D13DEA /* NewsApp */,
				4A2CCB7827C94D4800D13DEA /* NewsAppTests */,
				4A2CCB8227C94D4800D13DEA /* NewsAppUITests */,
			);
		};
/* End PBXProject section */

/* Begin PBXResourcesBuildPhase section */
		4A2CCB6127C94D4700D13DEA /* Resources */ = {
			isa = PBXResourcesBuildPhase;
			buildActionMask = 2147483647;
			files = (
				4A2CCB7327C94D4700D13DEA /* LaunchScreen.storyboard in Resources */,
				4A2CCBC127C9537600D13DEA /* Config.xcconfig in Resources */,
				4A2CCB7027C94D4700D13DEA /* Assets.xcassets in Resources */,
			);
			runOnlyForDeploymentPostprocessing = 0;
		};
		4A2CCB7727C94D4800D13DEA /* Resources */ = {
			isa = PBXResourcesBuildPhase;
			buildActionMask = 2147483647;
			files = (
			);
			runOnlyForDeploymentPostprocessing = 0;
		};
		4A2CCB8127C94D4800D13DEA /* Resources */ = {
			isa = PBXResourcesBuildPhase;
			buildActionMask = 2147483647;
			files = (
			);
			runOnlyForDeploymentPostprocessing = 0;
		};
/* End PBXResourcesBuildPhase section */

/* Begin PBXSourcesBuildPhase section */
		4A2CCB5F27C94D4700D13DEA /* Sources */ = {
			isa = PBXSourcesBuildPhase;
			buildActionMask = 2147483647;
			files = (
				4A2CCB9B27C94E0200D13DEA /* MainVC.swift in Sources */,
				4A2CCB6727C94D4700D13DEA /* AppDelegate.swift in Sources */,
				4A2CCBBF27C950EB00D13DEA /* Api.swift in Sources */,
				4A2CCB6927C94D4700D13DEA /* SceneDelegate.swift in Sources */,
			);
			runOnlyForDeploymentPostprocessing = 0;
		};
		4A2CCB7527C94D4800D13DEA /* Sources */ = {
			isa = PBXSourcesBuildPhase;
			buildActionMask = 2147483647;
			files = (
				4A2CCB7E27C94D4800D13DEA /* NewsAppTests.swift in Sources */,
			);
			runOnlyForDeploymentPostprocessing = 0;
		};
		4A2CCB7F27C94D4800D13DEA /* Sources */ = {
			isa = PBXSourcesBuildPhase;
			buildActionMask = 2147483647;
			files = (
				4A2CCB8827C94D4800D13DEA /* NewsAppUITests.swift in Sources */,
				4A2CCB8A27C94D4800D13DEA /* NewsAppUITestsLaunchTests.swift in Sources */,
			);
			runOnlyForDeploymentPostprocessing = 0;
		};
/* End PBXSourcesBuildPhase section */

/* Begin PBXTargetDependency section */
		4A2CCB7B27C94D4800D13DEA /* PBXTargetDependency */ = {
			isa = PBXTargetDependency;
			target = 4A2CCB6227C94D4700D13DEA /* NewsApp */;
			targetProxy = 4A2CCB7A27C94D4800D13DEA /* PBXContainerItemProxy */;
		};
		4A2CCB8527C94D4800D13DEA /* PBXTargetDependency */ = {
			isa = PBXTargetDependency;
			target = 4A2CCB6227C94D4700D13DEA /* NewsApp */;
			targetProxy = 4A2CCB8427C94D4800D13DEA /* PBXContainerItemProxy */;
		};
/* End PBXTargetDependency section */

/* Begin PBXVariantGroup section */
		4A2CCB7127C94D4700D13DEA /* LaunchScreen.storyboard */ = {
			isa = PBXVariantGroup;
			children = (
				4A2CCB7227C94D4700D13DEA /* Base */,
			);
			name = LaunchScreen.storyboard;
			sourceTree = "<group>";
		};
/* End PBXVariantGroup section */

/* Begin XCBuildConfiguration section */
		4A2CCB8B27C94D4800D13DEA /* Debug */ = {
			isa = XCBuildConfiguration;
			baseConfigurationReference = 4A2CCBC027C9537600D13DEA /* Config.xcconfig */;
			buildSettings = {
				ALWAYS_SEARCH_USER_PATHS = NO;
				CLANG_ANALYZER_NONNULL = YES;
				CLANG_ANALYZER_NUMBER_OBJECT_CONVERSION = YES_AGGRESSIVE;
				CLANG_CXX_LANGUAGE_STANDARD = "gnu++17";
				CLANG_CXX_LIBRARY = "libc++";
				CLANG_ENABLE_MODULES = YES;
				CLANG_ENABLE_OBJC_ARC = YES;
				CLANG_ENABLE_OBJC_WEAK = YES;
				CLANG_WARN_BLOCK_CAPTURE_AUTORELEASING = YES;
				CLANG_WARN_BOOL_CONVERSION = YES;
				CLANG_WARN_COMMA = YES;
				CLANG_WARN_CONSTANT_CONVERSION = YES;
				CLANG_WARN_DEPRECATED_OBJC_IMPLEMENTATIONS = YES;
				CLANG_WARN_DIRECT_OBJC_ISA_USAGE = YES_ERROR;
				CLANG_WARN_DOCUMENTATION_COMMENTS = YES;
				CLANG_WARN_EMPTY_BODY = YES;
				CLANG_WARN_ENUM_CONVERSION = YES;
				CLANG_WARN_INFINITE_RECURSION = YES;
				CLANG_WARN_INT_CONVERSION = YES;
				CLANG_WARN_NON_LITERAL_NULL_CONVERSION = YES;
				CLANG_WARN_OBJC_IMPLICIT_RETAIN_SELF = YES;
				CLANG_WARN_OBJC_LITERAL_CONVERSION = YES;
				CLANG_WARN_OBJC_ROOT_CLASS = YES_ERROR;
				CLANG_WARN_QUOTED_INCLUDE_IN_FRAMEWORK_HEADER = YES;
				CLANG_WARN_RANGE_LOOP_ANALYSIS = YES;
				CLANG_WARN_STRICT_PROTOTYPES = YES;
				CLANG_WARN_SUSPICIOUS_MOVE = YES;
				CLANG_WARN_UNGUARDED_AVAILABILITY = YES_AGGRESSIVE;
				CLANG_WARN_UNREACHABLE_CODE = YES;
				CLANG_WARN__DUPLICATE_METHOD_MATCH = YES;
				COPY_PHASE_STRIP = NO;
				DEBUG_INFORMATION_FORMAT = dwarf;
				ENABLE_STRICT_OBJC_MSGSEND = YES;
				ENABLE_TESTABILITY = YES;
				GCC_C_LANGUAGE_STANDARD = gnu11;
				GCC_DYNAMIC_NO_PIC = NO;
				GCC_NO_COMMON_BLOCKS = YES;
				GCC_OPTIMIZATION_LEVEL = 0;
				GCC_PREPROCESSOR_DEFINITIONS = (
					"DEBUG=1",
					"$(inherited)",
				);
				GCC_WARN_64_TO_32_BIT_CONVERSION = YES;
				GCC_WARN_ABOUT_RETURN_TYPE = YES_ERROR;
				GCC_WARN_UNDECLARED_SELECTOR = YES;
				GCC_WARN_UNINITIALIZED_AUTOS = YES_AGGRESSIVE;
				GCC_WARN_UNUSED_FUNCTION = YES;
				GCC_WARN_UNUSED_VARIABLE = YES;
				IPHONEOS_DEPLOYMENT_TARGET = 15.0;
				MTL_ENABLE_DEBUG_INFO = INCLUDE_SOURCE;
				MTL_FAST_MATH = YES;
				ONLY_ACTIVE_ARCH = YES;
				SDKROOT = iphoneos;
				SWIFT_ACTIVE_COMPILATION_CONDITIONS = DEBUG;
				SWIFT_OPTIMIZATION_LEVEL = "-Onone";
			};
			name = Debug;
		};
		4A2CCB8C27C94D4800D13DEA /* Release */ = {
			isa = XCBuildConfiguration;
			baseConfigurationReference = 4A2CCBC027C9537600D13DEA /* Config.xcconfig */;
			buildSettings = {
				ALWAYS_SEARCH_USER_PATHS = NO;
				CLANG_ANALYZER_NONNULL = YES;
				CLANG_ANALYZER_NUMBER_OBJECT_CONVERSION = YES_AGGRESSIVE;
				CLANG_CXX_LANGUAGE_STANDARD = "gnu++17";
				CLANG_CXX_LIBRARY = "libc++";
				CLANG_ENABLE_MODULES = YES;
				CLANG_ENABLE_OBJC_ARC = YES;
				CLANG_ENABLE_OBJC_WEAK = YES;
				CLANG_WARN_BLOCK_CAPTURE_AUTORELEASING = YES;
				CLANG_WARN_BOOL_CONVERSION = YES;
				CLANG_WARN_COMMA = YES;
				CLANG_WARN_CONSTANT_CONVERSION = YES;
				CLANG_WARN_DEPRECATED_OBJC_IMPLEMENTATIONS = YES;
				CLANG_WARN_DIRECT_OBJC_ISA_USAGE = YES_ERROR;
				CLANG_WARN_DOCUMENTATION_COMMENTS = YES;
				CLANG_WARN_EMPTY_BODY = YES;
				CLANG_WARN_ENUM_CONVERSION = YES;
				CLANG_WARN_INFINITE_RECURSION = YES;
				CLANG_WARN_INT_CONVERSION = YES;
				CLANG_WARN_NON_LITERAL_NULL_CONVERSION = YES;
				CLANG_WARN_OBJC_IMPLICIT_RETAIN_SELF = YES;
				CLANG_WARN_OBJC_LITERAL_CONVERSION = YES;
				CLANG_WARN_OBJC_ROOT_CLASS = YES_ERROR;
				CLANG_WARN_QUOTED_INCLUDE_IN_FRAMEWORK_HEADER = YES;
				CLANG_WARN_RANGE_LOOP_ANALYSIS = YES;
				CLANG_WARN_STRICT_PROTOTYPES = YES;
				CLANG_WARN_SUSPICIOUS_MOVE = YES;
				CLANG_WARN_UNGUARDED_AVAILABILITY = YES_AGGRESSIVE;
				CLANG_WARN_UNREACHABLE_CODE = YES;
				CLANG_WARN__DUPLICATE_METHOD_MATCH = YES;
				COPY_PHASE_STRIP = NO;
				DEBUG_INFORMATION_FORMAT = "dwarf-with-dsym";
				ENABLE_NS_ASSERTIONS = NO;
				ENABLE_STRICT_OBJC_MSGSEND = YES;
				GCC_C_LANGUAGE_STANDARD = gnu11;
				GCC_NO_COMMON_BLOCKS = YES;
				GCC_WARN_64_TO_32_BIT_CONVERSION = YES;
				GCC_WARN_ABOUT_RETURN_TYPE = YES_ERROR;
				GCC_WARN_UNDECLARED_SELECTOR = YES;
				GCC_WARN_UNINITIALIZED_AUTOS = YES_AGGRESSIVE;
				GCC_WARN_UNUSED_FUNCTION = YES;
				GCC_WARN_UNUSED_VARIABLE = YES;
				IPHONEOS_DEPLOYMENT_TARGET = 15.0;
				MTL_ENABLE_DEBUG_INFO = NO;
				MTL_FAST_MATH = YES;
				SDKROOT = iphoneos;
				SWIFT_COMPILATION_MODE = wholemodule;
				SWIFT_OPTIMIZATION_LEVEL = "-O";
				VALIDATE_PRODUCT = YES;
			};
			name = Release;
		};
		4A2CCB8E27C94D4800D13DEA /* Debug */ = {
			isa = XCBuildConfiguration;
			buildSettings = {
				ASSETCATALOG_COMPILER_APPICON_NAME = AppIcon;
				ASSETCATALOG_COMPILER_GLOBAL_ACCENT_COLOR_NAME = AccentColor;
				CODE_SIGN_STYLE = Automatic;
				CURRENT_PROJECT_VERSION = 1;
				DEVELOPMENT_TEAM = KL63K8TBN2;
				GENERATE_INFOPLIST_FILE = YES;
				INFOPLIST_FILE = NewsApp/Info.plist;
				INFOPLIST_KEY_UIApplicationSupportsIndirectInputEvents = YES;
				INFOPLIST_KEY_UILaunchStoryboardName = LaunchScreen;
				INFOPLIST_KEY_UIMainStoryboardFile = "";
				INFOPLIST_KEY_UISupportedInterfaceOrientations_iPad = "UIInterfaceOrientationPortrait UIInterfaceOrientationPortraitUpsideDown UIInterfaceOrientationLandscapeLeft UIInterfaceOrientationLandscapeRight";
				INFOPLIST_KEY_UISupportedInterfaceOrientations_iPhone = "UIInterfaceOrientationPortrait UIInterfaceOrientationLandscapeLeft UIInterfaceOrientationLandscapeRight";
				LD_RUNPATH_SEARCH_PATHS = (
					"$(inherited)",
					"@executable_path/Frameworks",
				);
				MARKETING_VERSION = 1.0;
				PRODUCT_BUNDLE_IDENTIFIER = com.demothreen.NewsApp;
				PRODUCT_NAME = "$(TARGET_NAME)";
				SWIFT_EMIT_LOC_STRINGS = YES;
				SWIFT_VERSION = 5.0;
				TARGETED_DEVICE_FAMILY = 1;
			};
			name = Debug;
		};
		4A2CCB8F27C94D4800D13DEA /* Release */ = {
			isa = XCBuildConfiguration;
			buildSettings = {
				ASSETCATALOG_COMPILER_APPICON_NAME = AppIcon;
				ASSETCATALOG_COMPILER_GLOBAL_ACCENT_COLOR_NAME = AccentColor;
				CODE_SIGN_STYLE = Automatic;
				CURRENT_PROJECT_VERSION = 1;
				DEVELOPMENT_TEAM = KL63K8TBN2;
				GENERATE_INFOPLIST_FILE = YES;
				INFOPLIST_FILE = NewsApp/Info.plist;
				INFOPLIST_KEY_UIApplicationSupportsIndirectInputEvents = YES;
				INFOPLIST_KEY_UILaunchStoryboardName = LaunchScreen;
				INFOPLIST_KEY_UIMainStoryboardFile = "";
				INFOPLIST_KEY_UISupportedInterfaceOrientations_iPad = "UIInterfaceOrientationPortrait UIInterfaceOrientationPortraitUpsideDown UIInterfaceOrientationLandscapeLeft UIInterfaceOrientationLandscapeRight";
				INFOPLIST_KEY_UISupportedInterfaceOrientations_iPhone = "UIInterfaceOrientationPortrait UIInterfaceOrientationLandscapeLeft UIInterfaceOrientationLandscapeRight";
				LD_RUNPATH_SEARCH_PATHS = (
					"$(inherited)",
					"@executable_path/Frameworks",
				);
				MARKETING_VERSION = 1.0;
				PRODUCT_BUNDLE_IDENTIFIER = com.demothreen.NewsApp;
				PRODUCT_NAME = "$(TARGET_NAME)";
				SWIFT_EMIT_LOC_STRINGS = YES;
				SWIFT_VERSION = 5.0;
				TARGETED_DEVICE_FAMILY = 1;
			};
			name = Release;
		};
		4A2CCB9127C94D4800D13DEA /* Debug */ = {
			isa = XCBuildConfiguration;
			buildSettings = {
				ALWAYS_EMBED_SWIFT_STANDARD_LIBRARIES = YES;
				BUNDLE_LOADER = "$(TEST_HOST)";
				CODE_SIGN_STYLE = Automatic;
				CURRENT_PROJECT_VERSION = 1;
				DEVELOPMENT_TEAM = KL63K8TBN2;
				GENERATE_INFOPLIST_FILE = YES;
				IPHONEOS_DEPLOYMENT_TARGET = 15.2;
				MARKETING_VERSION = 1.0;
				PRODUCT_BUNDLE_IDENTIFIER = com.demothreen.NewsAppTests;
				PRODUCT_NAME = "$(TARGET_NAME)";
				SWIFT_EMIT_LOC_STRINGS = NO;
				SWIFT_VERSION = 5.0;
				TARGETED_DEVICE_FAMILY = "1,2";
				TEST_HOST = "$(BUILT_PRODUCTS_DIR)/NewsApp.app/NewsApp";
			};
			name = Debug;
		};
		4A2CCB9227C94D4800D13DEA /* Release */ = {
			isa = XCBuildConfiguration;
			buildSettings = {
				ALWAYS_EMBED_SWIFT_STANDARD_LIBRARIES = YES;
				BUNDLE_LOADER = "$(TEST_HOST)";
				CODE_SIGN_STYLE = Automatic;
				CURRENT_PROJECT_VERSION = 1;
				DEVELOPMENT_TEAM = KL63K8TBN2;
				GENERATE_INFOPLIST_FILE = YES;
				IPHONEOS_DEPLOYMENT_TARGET = 15.2;
				MARKETING_VERSION = 1.0;
				PRODUCT_BUNDLE_IDENTIFIER = com.demothreen.NewsAppTests;
				PRODUCT_NAME = "$(TARGET_NAME)";
				SWIFT_EMIT_LOC_STRINGS = NO;
				SWIFT_VERSION = 5.0;
				TARGETED_DEVICE_FAMILY = "1,2";
				TEST_HOST = "$(BUILT_PRODUCTS_DIR)/NewsApp.app/NewsApp";
			};
			name = Release;
		};
		4A2CCB9427C94D4800D13DEA /* Debug */ = {
			isa = XCBuildConfiguration;
			buildSettings = {
				ALWAYS_EMBED_SWIFT_STANDARD_LIBRARIES = YES;
				CODE_SIGN_STYLE = Automatic;
				CURRENT_PROJECT_VERSION = 1;
				DEVELOPMENT_TEAM = KL63K8TBN2;
				GENERATE_INFOPLIST_FILE = YES;
				MARKETING_VERSION = 1.0;
				PRODUCT_BUNDLE_IDENTIFIER = com.demothreen.NewsAppUITests;
				PRODUCT_NAME = "$(TARGET_NAME)";
				SWIFT_EMIT_LOC_STRINGS = NO;
				SWIFT_VERSION = 5.0;
				TARGETED_DEVICE_FAMILY = "1,2";
				TEST_TARGET_NAME = NewsApp;
			};
			name = Debug;
		};
		4A2CCB9527C94D4800D13DEA /* Release */ = {
			isa = XCBuildConfiguration;
			buildSettings = {
				ALWAYS_EMBED_SWIFT_STANDARD_LIBRARIES = YES;
				CODE_SIGN_STYLE = Automatic;
				CURRENT_PROJECT_VERSION = 1;
				DEVELOPMENT_TEAM = KL63K8TBN2;
				GENERATE_INFOPLIST_FILE = YES;
				MARKETING_VERSION = 1.0;
				PRODUCT_BUNDLE_IDENTIFIER = com.demothreen.NewsAppUITests;
				PRODUCT_NAME = "$(TARGET_NAME)";
				SWIFT_EMIT_LOC_STRINGS = NO;
				SWIFT_VERSION = 5.0;
				TARGETED_DEVICE_FAMILY = "1,2";
				TEST_TARGET_NAME = NewsApp;
			};
			name = Release;
		};
/* End XCBuildConfiguration section */

/* Begin XCConfigurationList section */
		4A2CCB5E27C94D4700D13DEA /* Build configuration list for PBXProject "NewsApp" */ = {
			isa = XCConfigurationList;
			buildConfigurations = (
				4A2CCB8B27C94D4800D13DEA /* Debug */,
				4A2CCB8C27C94D4800D13DEA /* Release */,
			);
			defaultConfigurationIsVisible = 0;
			defaultConfigurationName = Release;
		};
		4A2CCB8D27C94D4800D13DEA /* Build configuration list for PBXNativeTarget "NewsApp" */ = {
			isa = XCConfigurationList;
			buildConfigurations = (
				4A2CCB8E27C94D4800D13DEA /* Debug */,
				4A2CCB8F27C94D4800D13DEA /* Release */,
			);
			defaultConfigurationIsVisible = 0;
			defaultConfigurationName = Release;
		};
		4A2CCB9027C94D4800D13DEA /* Build configuration list for PBXNativeTarget "NewsAppTests" */ = {
			isa = XCConfigurationList;
			buildConfigurations = (
				4A2CCB9127C94D4800D13DEA /* Debug */,
				4A2CCB9227C94D4800D13DEA /* Release */,
			);
			defaultConfigurationIsVisible = 0;
			defaultConfigurationName = Release;
		};
		4A2CCB9327C94D4800D13DEA /* Build configuration list for PBXNativeTarget "NewsAppUITests" */ = {
			isa = XCConfigurationList;
			buildConfigurations = (
				4A2CCB9427C94D4800D13DEA /* Debug */,
				4A2CCB9527C94D4800D13DEA /* Release */,
			);
			defaultConfigurationIsVisible = 0;
			defaultConfigurationName = Release;
		};
/* End XCConfigurationList section */
	};
	rootObject = 4A2CCB5B27C94D4700D13DEA /* Project object */;
}
