// !$*UTF8*$!
{
	archiveVersion = 1;
	classes = {
	};
	objectVersion = 55;
	objects = {

/* Begin PBXBuildFile section */
		186843EC8579C780E152B079 /* Pods_NewsApp_NewsAppUITests.framework in Frameworks */ = {isa = PBXBuildFile; fileRef = A8DA29BE7D0DDD889769C5D5 /* Pods_NewsApp_NewsAppUITests.framework */; };
		4A2596E427D54020003F7BB3 /* MainVM.swift in Sources */ = {isa = PBXBuildFile; fileRef = 4A2596E327D54020003F7BB3 /* MainVM.swift */; };
		4A2596E727D54169003F7BB3 /* News.swift in Sources */ = {isa = PBXBuildFile; fileRef = 4A2596E627D54169003F7BB3 /* News.swift */; };
		4A2CCB6727C94D4700D13DEA /* AppDelegate.swift in Sources */ = {isa = PBXBuildFile; fileRef = 4A2CCB6627C94D4700D13DEA /* AppDelegate.swift */; };
		4A2CCB6927C94D4700D13DEA /* SceneDelegate.swift in Sources */ = {isa = PBXBuildFile; fileRef = 4A2CCB6827C94D4700D13DEA /* SceneDelegate.swift */; };
		4A2CCB7027C94D4700D13DEA /* Assets.xcassets in Resources */ = {isa = PBXBuildFile; fileRef = 4A2CCB6F27C94D4700D13DEA /* Assets.xcassets */; };
		4A2CCB7327C94D4700D13DEA /* LaunchScreen.storyboard in Resources */ = {isa = PBXBuildFile; fileRef = 4A2CCB7127C94D4700D13DEA /* LaunchScreen.storyboard */; };
		4A2CCB8827C94D4800D13DEA /* NewsAppUITests.swift in Sources */ = {isa = PBXBuildFile; fileRef = 4A2CCB8727C94D4800D13DEA /* NewsAppUITests.swift */; };
		4A2CCB8A27C94D4800D13DEA /* NewsAppUITestsLaunchTests.swift in Sources */ = {isa = PBXBuildFile; fileRef = 4A2CCB8927C94D4800D13DEA /* NewsAppUITestsLaunchTests.swift */; };
		4A2CCB9B27C94E0200D13DEA /* MainVC.swift in Sources */ = {isa = PBXBuildFile; fileRef = 4A2CCB9A27C94E0200D13DEA /* MainVC.swift */; };
		4A2CCBBF27C950EB00D13DEA /* Api.swift in Sources */ = {isa = PBXBuildFile; fileRef = 4A2CCBBE27C950EB00D13DEA /* Api.swift */; };
		4A2CCBC127C9537600D13DEA /* Config.xcconfig in Resources */ = {isa = PBXBuildFile; fileRef = 4A2CCBC027C9537600D13DEA /* Config.xcconfig */; };
		DB4AA199177229C08ABBEC47 /* Pods_NewsApp.framework in Frameworks */ = {isa = PBXBuildFile; fileRef = 37E8049089C63D3AC46C9ADC /* Pods_NewsApp.framework */; };
/* End PBXBuildFile section */

/* Begin PBXContainerItemProxy section */
		4A2CCB8427C94D4800D13DEA /* PBXContainerItemProxy */ = {
			isa = PBXContainerItemProxy;
			containerPortal = 4A2CCB5B27C94D4700D13DEA /* Project object */;
			proxyType = 1;
			remoteGlobalIDString = 4A2CCB6227C94D4700D13DEA;
			remoteInfo = NewsApp;
		};
/* End PBXContainerItemProxy section */

/* Begin PBXFileReference section */
		37E8049089C63D3AC46C9ADC /* Pods_NewsApp.framework */ = {isa = PBXFileReference; explicitFileType = wrapper.framework; includeInIndex = 0; path = Pods_NewsApp.framework; sourceTree = BUILT_PRODUCTS_DIR; };
		4A2596E327D54020003F7BB3 /* MainVM.swift */ = {isa = PBXFileReference; lastKnownFileType = sourcecode.swift; path = MainVM.swift; sourceTree = "<group>"; };
		4A2596E627D54169003F7BB3 /* News.swift */ = {isa = PBXFileReference; lastKnownFileType = sourcecode.swift; path = News.swift; sourceTree = "<group>"; };
		4A2CCB6327C94D4700D13DEA /* NewsApp.app */ = {isa = PBXFileReference; explicitFileType = wrapper.application; includeInIndex = 0; path = NewsApp.app; sourceTree = BUILT_PRODUCTS_DIR; };
		4A2CCB6627C94D4700D13DEA /* AppDelegate.swift */ = {isa = PBXFileReference; lastKnownFileType = sourcecode.swift; path = AppDelegate.swift; sourceTree = "<group>"; };
		4A2CCB6827C94D4700D13DEA /* SceneDelegate.swift */ = {isa = PBXFileReference; lastKnownFileType = sourcecode.swift; path = SceneDelegate.swift; sourceTree = "<group>"; };
		4A2CCB6F27C94D4700D13DEA /* Assets.xcassets */ = {isa = PBXFileReference; lastKnownFileType = folder.assetcatalog; path = Assets.xcassets; sourceTree = "<group>"; };
		4A2CCB7227C94D4700D13DEA /* Base */ = {isa = PBXFileReference; lastKnownFileType = file.storyboard; name = Base; path = Base.lproj/LaunchScreen.storyboard; sourceTree = "<group>"; };
		4A2CCB7427C94D4700D13DEA /* Info.plist */ = {isa = PBXFileReference; lastKnownFileType = text.plist.xml; path = Info.plist; sourceTree = "<group>"; };
		4A2CCB8327C94D4800D13DEA /* NewsAppUITests.xctest */ = {isa = PBXFileReference; explicitFileType = wrapper.cfbundle; includeInIndex = 0; path = NewsAppUITests.xctest; sourceTree = BUILT_PRODUCTS_DIR; };
		4A2CCB8727C94D4800D13DEA /* NewsAppUITests.swift */ = {isa = PBXFileReference; lastKnownFileType = sourcecode.swift; path = NewsAppUITests.swift; sourceTree = "<group>"; };
		4A2CCB8927C94D4800D13DEA /* NewsAppUITestsLaunchTests.swift */ = {isa = PBXFileReference; lastKnownFileType = sourcecode.swift; path = NewsAppUITestsLaunchTests.swift; sourceTree = "<group>"; };
		4A2CCB9A27C94E0200D13DEA /* MainVC.swift */ = {isa = PBXFileReference; lastKnownFileType = sourcecode.swift; path = MainVC.swift; sourceTree = "<group>"; };
		4A2CCBBE27C950EB00D13DEA /* Api.swift */ = {isa = PBXFileReference; lastKnownFileType = sourcecode.swift; path = Api.swift; sourceTree = "<group>"; };
		4A2CCBC027C9537600D13DEA /* Config.xcconfig */ = {isa = PBXFileReference; lastKnownFileType = text.xcconfig; path = Config.xcconfig; sourceTree = "<group>"; };
		4CAB75EEAE2303D242D0E66B /* Pods-NewsApp.release.xcconfig */ = {isa = PBXFileReference; includeInIndex = 1; lastKnownFileType = text.xcconfig; name = "Pods-NewsApp.release.xcconfig"; path = "Target Support Files/Pods-NewsApp/Pods-NewsApp.release.xcconfig"; sourceTree = "<group>"; };
		5302177194BBE6C240E6C865 /* Pods-NewsApp-NewsAppUITests.release.xcconfig */ = {isa = PBXFileReference; includeInIndex = 1; lastKnownFileType = text.xcconfig; name = "Pods-NewsApp-NewsAppUITests.release.xcconfig"; path = "Target Support Files/Pods-NewsApp-NewsAppUITests/Pods-NewsApp-NewsAppUITests.release.xcconfig"; sourceTree = "<group>"; };
		6521C0CBF033CB0E869C1264 /* Pods-NewsApp.debug.xcconfig */ = {isa = PBXFileReference; includeInIndex = 1; lastKnownFileType = text.xcconfig; name = "Pods-NewsApp.debug.xcconfig"; path = "Target Support Files/Pods-NewsApp/Pods-NewsApp.debug.xcconfig"; sourceTree = "<group>"; };
		7FFE41321038ED546E7A25A8 /* Pods-NewsAppTests.debug.xcconfig */ = {isa = PBXFileReference; includeInIndex = 1; lastKnownFileType = text.xcconfig; name = "Pods-NewsAppTests.debug.xcconfig"; path = "Target Support Files/Pods-NewsAppTests/Pods-NewsAppTests.debug.xcconfig"; sourceTree = "<group>"; };
		A8DA29BE7D0DDD889769C5D5 /* Pods_NewsApp_NewsAppUITests.framework */ = {isa = PBXFileReference; explicitFileType = wrapper.framework; includeInIndex = 0; path = Pods_NewsApp_NewsAppUITests.framework; sourceTree = BUILT_PRODUCTS_DIR; };
		D086C861D1E50542F3227EED /* Pods-NewsAppTests.release.xcconfig */ = {isa = PBXFileReference; includeInIndex = 1; lastKnownFileType = text.xcconfig; name = "Pods-NewsAppTests.release.xcconfig"; path = "Target Support Files/Pods-NewsAppTests/Pods-NewsAppTests.release.xcconfig"; sourceTree = "<group>"; };
		FBB076B81CFD1777F4E8D33D /* Pods-NewsApp-NewsAppUITests.debug.xcconfig */ = {isa = PBXFileReference; includeInIndex = 1; lastKnownFileType = text.xcconfig; name = "Pods-NewsApp-NewsAppUITests.debug.xcconfig"; path = "Target Support Files/Pods-NewsApp-NewsAppUITests/Pods-NewsApp-NewsAppUITests.debug.xcconfig"; sourceTree = "<group>"; };
		FD08956D741C208F5258F3DD /* Pods_NewsAppTests.framework */ = {isa = PBXFileReference; explicitFileType = wrapper.framework; includeInIndex = 0; path = Pods_NewsAppTests.framework; sourceTree = BUILT_PRODUCTS_DIR; };
/* End PBXFileReference section */

/* Begin PBXFrameworksBuildPhase section */
		4A2CCB6027C94D4700D13DEA /* Frameworks */ = {
			isa = PBXFrameworksBuildPhase;
			buildActionMask = 2147483647;
			files = (
				DB4AA199177229C08ABBEC47 /* Pods_NewsApp.framework in Frameworks */,
			);
			runOnlyForDeploymentPostprocessing = 0;
		};
		4A2CCB8027C94D4800D13DEA /* Frameworks */ = {
			isa = PBXFrameworksBuildPhase;
			buildActionMask = 2147483647;
			files = (
				186843EC8579C780E152B079 /* Pods_NewsApp_NewsAppUITests.framework in Frameworks */,
			);
			runOnlyForDeploymentPostprocessing = 0;
		};
/* End PBXFrameworksBuildPhase section */

/* Begin PBXGroup section */
		4A2596E527D54156003F7BB3 /* Models */ = {
			isa = PBXGroup;
			children = (
				4A2596E627D54169003F7BB3 /* News.swift */,
			);
			path = Models;
			sourceTree = "<group>";
		};
		4A2CCB5A27C94D4700D13DEA = {
			isa = PBXGroup;
			children = (
				4A2CCBC027C9537600D13DEA /* Config.xcconfig */,
				4A2CCBBB27C94EEA00D13DEA /* Source */,
				4A2CCB6527C94D4700D13DEA /* NewsApp */,
				4A2CCB8627C94D4800D13DEA /* NewsAppUITests */,
				4A2CCB6427C94D4700D13DEA /* Products */,
				C079773B68AE13C97D8571EA /* Pods */,
				DF24DEFB49C68AD1515E2436 /* Frameworks */,
			);
			sourceTree = "<group>";
		};
		4A2CCB6427C94D4700D13DEA /* Products */ = {
			isa = PBXGroup;
			children = (
				4A2CCB6327C94D4700D13DEA /* NewsApp.app */,
				4A2CCB8327C94D4800D13DEA /* NewsAppUITests.xctest */,
			);
			name = Products;
			sourceTree = "<group>";
		};
		4A2CCB6527C94D4700D13DEA /* NewsApp */ = {
			isa = PBXGroup;
			children = (
				4A2CCB6627C94D4700D13DEA /* AppDelegate.swift */,
				4A2CCB6827C94D4700D13DEA /* SceneDelegate.swift */,
				4A2CCB7127C94D4700D13DEA /* LaunchScreen.storyboard */,
				4A2CCB7427C94D4700D13DEA /* Info.plist */,
			);
			path = NewsApp;
			sourceTree = "<group>";
		};
		4A2CCB8627C94D4800D13DEA /* NewsAppUITests */ = {
			isa = PBXGroup;
			children = (
				4A2CCB8727C94D4800D13DEA /* NewsAppUITests.swift */,
				4A2CCB8927C94D4800D13DEA /* NewsAppUITestsLaunchTests.swift */,
			);
			path = NewsAppUITests;
			sourceTree = "<group>";
		};
		4A2CCB9627C94DC000D13DEA /* Screens */ = {
			isa = PBXGroup;
			children = (
				4A2CCB9727C94DD500D13DEA /* MainScreen */,
			);
			path = Screens;
			sourceTree = "<group>";
		};
		4A2CCB9727C94DD500D13DEA /* MainScreen */ = {
			isa = PBXGroup;
			children = (
				4A2CCB9A27C94E0200D13DEA /* MainVC.swift */,
				4A2596E327D54020003F7BB3 /* MainVM.swift */,
			);
			path = MainScreen;
			sourceTree = "<group>";
		};
		4A2CCB9C27C94E7900D13DEA /* Resources */ = {
			isa = PBXGroup;
			children = (
				4A2CCB6F27C94D4700D13DEA /* Assets.xcassets */,
			);
			path = Resources;
			sourceTree = "<group>";
		};
		4A2CCBBB27C94EEA00D13DEA /* Source */ = {
			isa = PBXGroup;
			children = (
				4A2596E527D54156003F7BB3 /* Models */,
				4A2CCBBC27C94FAE00D13DEA /* Network */,
				4A2CCB9C27C94E7900D13DEA /* Resources */,
				4A2CCB9627C94DC000D13DEA /* Screens */,
			);
			path = Source;
			sourceTree = "<group>";
		};
		4A2CCBBC27C94FAE00D13DEA /* Network */ = {
			isa = PBXGroup;
			children = (
				4A2CCBBE27C950EB00D13DEA /* Api.swift */,
			);
			path = Network;
			sourceTree = "<group>";
		};
		C079773B68AE13C97D8571EA /* Pods */ = {
			isa = PBXGroup;
			children = (
				6521C0CBF033CB0E869C1264 /* Pods-NewsApp.debug.xcconfig */,
				4CAB75EEAE2303D242D0E66B /* Pods-NewsApp.release.xcconfig */,
				FBB076B81CFD1777F4E8D33D /* Pods-NewsApp-NewsAppUITests.debug.xcconfig */,
				5302177194BBE6C240E6C865 /* Pods-NewsApp-NewsAppUITests.release.xcconfig */,
				7FFE41321038ED546E7A25A8 /* Pods-NewsAppTests.debug.xcconfig */,
				D086C861D1E50542F3227EED /* Pods-NewsAppTests.release.xcconfig */,
			);
			path = Pods;
			sourceTree = "<group>";
		};
		DF24DEFB49C68AD1515E2436 /* Frameworks */ = {
			isa = PBXGroup;
			children = (
				37E8049089C63D3AC46C9ADC /* Pods_NewsApp.framework */,
				A8DA29BE7D0DDD889769C5D5 /* Pods_NewsApp_NewsAppUITests.framework */,
				FD08956D741C208F5258F3DD /* Pods_NewsAppTests.framework */,
			);
			name = Frameworks;
			sourceTree = "<group>";
		};
/* End PBXGroup section */

/* Begin PBXNativeTarget section */
		4A2CCB6227C94D4700D13DEA /* NewsApp */ = {
			isa = PBXNativeTarget;
			buildConfigurationList = 4A2CCB8D27C94D4800D13DEA /* Build configuration list for PBXNativeTarget "NewsApp" */;
			buildPhases = (
				D267D22AD116D0A6E720FB74 /* [CP] Check Pods Manifest.lock */,
				4A2CCB5F27C94D4700D13DEA /* Sources */,
				4A2CCB6027C94D4700D13DEA /* Frameworks */,
				4A2CCB6127C94D4700D13DEA /* Resources */,
				2DE5EFE11D5654372B72DA8E /* [CP] Embed Pods Frameworks */,
			);
			buildRules = (
			);
			dependencies = (
			);
			name = NewsApp;
			productName = NewsApp;
			productReference = 4A2CCB6327C94D4700D13DEA /* NewsApp.app */;
			productType = "com.apple.product-type.application";
		};
		4A2CCB8227C94D4800D13DEA /* NewsAppUITests */ = {
			isa = PBXNativeTarget;
			buildConfigurationList = 4A2CCB9327C94D4800D13DEA /* Build configuration list for PBXNativeTarget "NewsAppUITests" */;
			buildPhases = (
				FA56E7FAFBC18490927EA631 /* [CP] Check Pods Manifest.lock */,
				4A2CCB7F27C94D4800D13DEA /* Sources */,
				4A2CCB8027C94D4800D13DEA /* Frameworks */,
				4A2CCB8127C94D4800D13DEA /* Resources */,
				06BA8E641334AB40A7C87CBB /* [CP] Embed Pods Frameworks */,
			);
			buildRules = (
			);
			dependencies = (
				4A2CCB8527C94D4800D13DEA /* PBXTargetDependency */,
			);
			name = NewsAppUITests;
			productName = NewsAppUITests;
			productReference = 4A2CCB8327C94D4800D13DEA /* NewsAppUITests.xctest */;
			productType = "com.apple.product-type.bundle.ui-testing";
		};
/* End PBXNativeTarget section */

/* Begin PBXProject section */
		4A2CCB5B27C94D4700D13DEA /* Project object */ = {
			isa = PBXProject;
			attributes = {
				BuildIndependentTargetsInParallel = 1;
				LastSwiftUpdateCheck = 1320;
				LastUpgradeCheck = 1320;
				TargetAttributes = {
					4A2CCB6227C94D4700D13DEA = {
						CreatedOnToolsVersion = 13.2.1;
					};
					4A2CCB8227C94D4800D13DEA = {
						CreatedOnToolsVersion = 13.2.1;
						TestTargetID = 4A2CCB6227C94D4700D13DEA;
					};
				};
			};
			buildConfigurationList = 4A2CCB5E27C94D4700D13DEA /* Build configuration list for PBXProject "NewsApp" */;
			compatibilityVersion = "Xcode 13.0";
			developmentRegion = en;
			hasScannedForEncodings = 0;
			knownRegions = (
				en,
				Base,
			);
			mainGroup = 4A2CCB5A27C94D4700D13DEA;
			productRefGroup = 4A2CCB6427C94D4700D13DEA /* Products */;
			projectDirPath = "";
			projectRoot = "";
			targets = (
				4A2CCB6227C94D4700D13DEA /* NewsApp */,
				4A2CCB8227C94D4800D13DEA /* NewsAppUITests */,
			);
		};
/* End PBXProject section */

/* Begin PBXResourcesBuildPhase section */
		4A2CCB6127C94D4700D13DEA /* Resources */ = {
			isa = PBXResourcesBuildPhase;
			buildActionMask = 2147483647;
			files = (
				4A2CCB7327C94D4700D13DEA /* LaunchScreen.storyboard in Resources */,
				4A2CCBC127C9537600D13DEA /* Config.xcconfig in Resources */,
				4A2CCB7027C94D4700D13DEA /* Assets.xcassets in Resources */,
			);
			runOnlyForDeploymentPostprocessing = 0;
		};
		4A2CCB8127C94D4800D13DEA /* Resources */ = {
			isa = PBXResourcesBuildPhase;
			buildActionMask = 2147483647;
			files = (
			);
			runOnlyForDeploymentPostprocessing = 0;
		};
/* End PBXResourcesBuildPhase section */

/* Begin PBXShellScriptBuildPhase section */
		06BA8E641334AB40A7C87CBB /* [CP] Embed Pods Frameworks */ = {
			isa = PBXShellScriptBuildPhase;
			buildActionMask = 2147483647;
			files = (
			);
			inputFileListPaths = (
				"${PODS_ROOT}/Target Support Files/Pods-NewsApp-NewsAppUITests/Pods-NewsApp-NewsAppUITests-frameworks-${CONFIGURATION}-input-files.xcfilelist",
			);
			name = "[CP] Embed Pods Frameworks";
			outputFileListPaths = (
				"${PODS_ROOT}/Target Support Files/Pods-NewsApp-NewsAppUITests/Pods-NewsApp-NewsAppUITests-frameworks-${CONFIGURATION}-output-files.xcfilelist",
			);
			runOnlyForDeploymentPostprocessing = 0;
			shellPath = /bin/sh;
			shellScript = "\"${PODS_ROOT}/Target Support Files/Pods-NewsApp-NewsAppUITests/Pods-NewsApp-NewsAppUITests-frameworks.sh\"\n";
			showEnvVarsInLog = 0;
		};
		2DE5EFE11D5654372B72DA8E /* [CP] Embed Pods Frameworks */ = {
			isa = PBXShellScriptBuildPhase;
			buildActionMask = 2147483647;
			files = (
			);
			inputFileListPaths = (
				"${PODS_ROOT}/Target Support Files/Pods-NewsApp/Pods-NewsApp-frameworks-${CONFIGURATION}-input-files.xcfilelist",
			);
			name = "[CP] Embed Pods Frameworks";
			outputFileListPaths = (
				"${PODS_ROOT}/Target Support Files/Pods-NewsApp/Pods-NewsApp-frameworks-${CONFIGURATION}-output-files.xcfilelist",
			);
			runOnlyForDeploymentPostprocessing = 0;
			shellPath = /bin/sh;
			shellScript = "\"${PODS_ROOT}/Target Support Files/Pods-NewsApp/Pods-NewsApp-frameworks.sh\"\n";
			showEnvVarsInLog = 0;
		};
		D267D22AD116D0A6E720FB74 /* [CP] Check Pods Manifest.lock */ = {
			isa = PBXShellScriptBuildPhase;
			buildActionMask = 2147483647;
			files = (
			);
			inputFileListPaths = (
			);
			inputPaths = (
				"${PODS_PODFILE_DIR_PATH}/Podfile.lock",
				"${PODS_ROOT}/Manifest.lock",
			);
			name = "[CP] Check Pods Manifest.lock";
			outputFileListPaths = (
			);
			outputPaths = (
				"$(DERIVED_FILE_DIR)/Pods-NewsApp-checkManifestLockResult.txt",
			);
			runOnlyForDeploymentPostprocessing = 0;
			shellPath = /bin/sh;
			shellScript = "diff \"${PODS_PODFILE_DIR_PATH}/Podfile.lock\" \"${PODS_ROOT}/Manifest.lock\" > /dev/null\nif [ $? != 0 ] ; then\n    # print error to STDERR\n    echo \"error: The sandbox is not in sync with the Podfile.lock. Run 'pod install' or update your CocoaPods installation.\" >&2\n    exit 1\nfi\n# This output is used by Xcode 'outputs' to avoid re-running this script phase.\necho \"SUCCESS\" > \"${SCRIPT_OUTPUT_FILE_0}\"\n";
			showEnvVarsInLog = 0;
		};
		FA56E7FAFBC18490927EA631 /* [CP] Check Pods Manifest.lock */ = {
			isa = PBXShellScriptBuildPhase;
			buildActionMask = 2147483647;
			files = (
			);
			inputFileListPaths = (
			);
			inputPaths = (
				"${PODS_PODFILE_DIR_PATH}/Podfile.lock",
				"${PODS_ROOT}/Manifest.lock",
			);
			name = "[CP] Check Pods Manifest.lock";
			outputFileListPaths = (
			);
			outputPaths = (
				"$(DERIVED_FILE_DIR)/Pods-NewsApp-NewsAppUITests-checkManifestLockResult.txt",
			);
			runOnlyForDeploymentPostprocessing = 0;
			shellPath = /bin/sh;
			shellScript = "diff \"${PODS_PODFILE_DIR_PATH}/Podfile.lock\" \"${PODS_ROOT}/Manifest.lock\" > /dev/null\nif [ $? != 0 ] ; then\n    # print error to STDERR\n    echo \"error: The sandbox is not in sync with the Podfile.lock. Run 'pod install' or update your CocoaPods installation.\" >&2\n    exit 1\nfi\n# This output is used by Xcode 'outputs' to avoid re-running this script phase.\necho \"SUCCESS\" > \"${SCRIPT_OUTPUT_FILE_0}\"\n";
			showEnvVarsInLog = 0;
		};
/* End PBXShellScriptBuildPhase section */

/* Begin PBXSourcesBuildPhase section */
		4A2CCB5F27C94D4700D13DEA /* Sources */ = {
			isa = PBXSourcesBuildPhase;
			buildActionMask = 2147483647;
			files = (
				4A2596E727D54169003F7BB3 /* News.swift in Sources */,
				4A2CCB9B27C94E0200D13DEA /* MainVC.swift in Sources */,
				4A2596E427D54020003F7BB3 /* MainVM.swift in Sources */,
				4A2CCB6727C94D4700D13DEA /* AppDelegate.swift in Sources */,
				4A2CCBBF27C950EB00D13DEA /* Api.swift in Sources */,
				4A2CCB6927C94D4700D13DEA /* SceneDelegate.swift in Sources */,
			);
			runOnlyForDeploymentPostprocessing = 0;
		};
		4A2CCB7F27C94D4800D13DEA /* Sources */ = {
			isa = PBXSourcesBuildPhase;
			buildActionMask = 2147483647;
			files = (
				4A2CCB8827C94D4800D13DEA /* NewsAppUITests.swift in Sources */,
				4A2CCB8A27C94D4800D13DEA /* NewsAppUITestsLaunchTests.swift in Sources */,
			);
			runOnlyForDeploymentPostprocessing = 0;
		};
/* End PBXSourcesBuildPhase section */

/* Begin PBXTargetDependency section */
		4A2CCB8527C94D4800D13DEA /* PBXTargetDependency */ = {
			isa = PBXTargetDependency;
			target = 4A2CCB6227C94D4700D13DEA /* NewsApp */;
			targetProxy = 4A2CCB8427C94D4800D13DEA /* PBXContainerItemProxy */;
		};
/* End PBXTargetDependency section */

/* Begin PBXVariantGroup section */
		4A2CCB7127C94D4700D13DEA /* LaunchScreen.storyboard */ = {
			isa = PBXVariantGroup;
			children = (
				4A2CCB7227C94D4700D13DEA /* Base */,
			);
			name = LaunchScreen.storyboard;
			sourceTree = "<group>";
		};
/* End PBXVariantGroup section */

/* Begin XCBuildConfiguration section */
		4A2CCB8B27C94D4800D13DEA /* Debug */ = {
			isa = XCBuildConfiguration;
			baseConfigurationReference = 4A2CCBC027C9537600D13DEA /* Config.xcconfig */;
			buildSettings = {
				ALWAYS_SEARCH_USER_PATHS = NO;
				CLANG_ANALYZER_NONNULL = YES;
				CLANG_ANALYZER_NUMBER_OBJECT_CONVERSION = YES_AGGRESSIVE;
				CLANG_CXX_LANGUAGE_STANDARD = "gnu++17";
				CLANG_CXX_LIBRARY = "libc++";
				CLANG_ENABLE_MODULES = YES;
				CLANG_ENABLE_OBJC_ARC = YES;
				CLANG_ENABLE_OBJC_WEAK = YES;
				CLANG_WARN_BLOCK_CAPTURE_AUTORELEASING = YES;
				CLANG_WARN_BOOL_CONVERSION = YES;
				CLANG_WARN_COMMA = YES;
				CLANG_WARN_CONSTANT_CONVERSION = YES;
				CLANG_WARN_DEPRECATED_OBJC_IMPLEMENTATIONS = YES;
				CLANG_WARN_DIRECT_OBJC_ISA_USAGE = YES_ERROR;
				CLANG_WARN_DOCUMENTATION_COMMENTS = YES;
				CLANG_WARN_EMPTY_BODY = YES;
				CLANG_WARN_ENUM_CONVERSION = YES;
				CLANG_WARN_INFINITE_RECURSION = YES;
				CLANG_WARN_INT_CONVERSION = YES;
				CLANG_WARN_NON_LITERAL_NULL_CONVERSION = YES;
				CLANG_WARN_OBJC_IMPLICIT_RETAIN_SELF = YES;
				CLANG_WARN_OBJC_LITERAL_CONVERSION = YES;
				CLANG_WARN_OBJC_ROOT_CLASS = YES_ERROR;
				CLANG_WARN_QUOTED_INCLUDE_IN_FRAMEWORK_HEADER = YES;
				CLANG_WARN_RANGE_LOOP_ANALYSIS = YES;
				CLANG_WARN_STRICT_PROTOTYPES = YES;
				CLANG_WARN_SUSPICIOUS_MOVE = YES;
				CLANG_WARN_UNGUARDED_AVAILABILITY = YES_AGGRESSIVE;
				CLANG_WARN_UNREACHABLE_CODE = YES;
				CLANG_WARN__DUPLICATE_METHOD_MATCH = YES;
				COPY_PHASE_STRIP = NO;
				DEBUG_INFORMATION_FORMAT = dwarf;
				ENABLE_STRICT_OBJC_MSGSEND = YES;
				ENABLE_TESTABILITY = YES;
				GCC_C_LANGUAGE_STANDARD = gnu11;
				GCC_DYNAMIC_NO_PIC = NO;
				GCC_NO_COMMON_BLOCKS = YES;
				GCC_OPTIMIZATION_LEVEL = 0;
				GCC_PREPROCESSOR_DEFINITIONS = (
					"DEBUG=1",
					"$(inherited)",
				);
				GCC_WARN_64_TO_32_BIT_CONVERSION = YES;
				GCC_WARN_ABOUT_RETURN_TYPE = YES_ERROR;
				GCC_WARN_UNDECLARED_SELECTOR = YES;
				GCC_WARN_UNINITIALIZED_AUTOS = YES_AGGRESSIVE;
				GCC_WARN_UNUSED_FUNCTION = YES;
				GCC_WARN_UNUSED_VARIABLE = YES;
				IPHONEOS_DEPLOYMENT_TARGET = 15.0;
				MTL_ENABLE_DEBUG_INFO = INCLUDE_SOURCE;
				MTL_FAST_MATH = YES;
				ONLY_ACTIVE_ARCH = YES;
				SDKROOT = iphoneos;
				SWIFT_ACTIVE_COMPILATION_CONDITIONS = DEBUG;
				SWIFT_OPTIMIZATION_LEVEL = "-Onone";
			};
			name = Debug;
		};
		4A2CCB8C27C94D4800D13DEA /* Release */ = {
			isa = XCBuildConfiguration;
			baseConfigurationReference = 4A2CCBC027C9537600D13DEA /* Config.xcconfig */;
			buildSettings = {
				ALWAYS_SEARCH_USER_PATHS = NO;
				CLANG_ANALYZER_NONNULL = YES;
				CLANG_ANALYZER_NUMBER_OBJECT_CONVERSION = YES_AGGRESSIVE;
				CLANG_CXX_LANGUAGE_STANDARD = "gnu++17";
				CLANG_CXX_LIBRARY = "libc++";
				CLANG_ENABLE_MODULES = YES;
				CLANG_ENABLE_OBJC_ARC = YES;
				CLANG_ENABLE_OBJC_WEAK = YES;
				CLANG_WARN_BLOCK_CAPTURE_AUTORELEASING = YES;
				CLANG_WARN_BOOL_CONVERSION = YES;
				CLANG_WARN_COMMA = YES;
				CLANG_WARN_CONSTANT_CONVERSION = YES;
				CLANG_WARN_DEPRECATED_OBJC_IMPLEMENTATIONS = YES;
				CLANG_WARN_DIRECT_OBJC_ISA_USAGE = YES_ERROR;
				CLANG_WARN_DOCUMENTATION_COMMENTS = YES;
				CLANG_WARN_EMPTY_BODY = YES;
				CLANG_WARN_ENUM_CONVERSION = YES;
				CLANG_WARN_INFINITE_RECURSION = YES;
				CLANG_WARN_INT_CONVERSION = YES;
				CLANG_WARN_NON_LITERAL_NULL_CONVERSION = YES;
				CLANG_WARN_OBJC_IMPLICIT_RETAIN_SELF = YES;
				CLANG_WARN_OBJC_LITERAL_CONVERSION = YES;
				CLANG_WARN_OBJC_ROOT_CLASS = YES_ERROR;
				CLANG_WARN_QUOTED_INCLUDE_IN_FRAMEWORK_HEADER = YES;
				CLANG_WARN_RANGE_LOOP_ANALYSIS = YES;
				CLANG_WARN_STRICT_PROTOTYPES = YES;
				CLANG_WARN_SUSPICIOUS_MOVE = YES;
				CLANG_WARN_UNGUARDED_AVAILABILITY = YES_AGGRESSIVE;
				CLANG_WARN_UNREACHABLE_CODE = YES;
				CLANG_WARN__DUPLICATE_METHOD_MATCH = YES;
				COPY_PHASE_STRIP = NO;
				DEBUG_INFORMATION_FORMAT = "dwarf-with-dsym";
				ENABLE_NS_ASSERTIONS = NO;
				ENABLE_STRICT_OBJC_MSGSEND = YES;
				GCC_C_LANGUAGE_STANDARD = gnu11;
				GCC_NO_COMMON_BLOCKS = YES;
				GCC_WARN_64_TO_32_BIT_CONVERSION = YES;
				GCC_WARN_ABOUT_RETURN_TYPE = YES_ERROR;
				GCC_WARN_UNDECLARED_SELECTOR = YES;
				GCC_WARN_UNINITIALIZED_AUTOS = YES_AGGRESSIVE;
				GCC_WARN_UNUSED_FUNCTION = YES;
				GCC_WARN_UNUSED_VARIABLE = YES;
				IPHONEOS_DEPLOYMENT_TARGET = 15.0;
				MTL_ENABLE_DEBUG_INFO = NO;
				MTL_FAST_MATH = YES;
				SDKROOT = iphoneos;
				SWIFT_COMPILATION_MODE = wholemodule;
				SWIFT_OPTIMIZATION_LEVEL = "-O";
				VALIDATE_PRODUCT = YES;
			};
			name = Release;
		};
		4A2CCB8E27C94D4800D13DEA /* Debug */ = {
			isa = XCBuildConfiguration;
			baseConfigurationReference = 6521C0CBF033CB0E869C1264 /* Pods-NewsApp.debug.xcconfig */;
			buildSettings = {
				ASSETCATALOG_COMPILER_APPICON_NAME = AppIcon;
				ASSETCATALOG_COMPILER_GLOBAL_ACCENT_COLOR_NAME = AccentColor;
				CODE_SIGN_STYLE = Automatic;
				CURRENT_PROJECT_VERSION = 1;
				DEVELOPMENT_TEAM = 967NAX245W;
				GENERATE_INFOPLIST_FILE = YES;
				INFOPLIST_FILE = NewsApp/Info.plist;
				INFOPLIST_KEY_UIApplicationSupportsIndirectInputEvents = YES;
				INFOPLIST_KEY_UILaunchStoryboardName = LaunchScreen;
				INFOPLIST_KEY_UIMainStoryboardFile = "";
				INFOPLIST_KEY_UISupportedInterfaceOrientations_iPad = "UIInterfaceOrientationPortrait UIInterfaceOrientationPortraitUpsideDown UIInterfaceOrientationLandscapeLeft UIInterfaceOrientationLandscapeRight";
				INFOPLIST_KEY_UISupportedInterfaceOrientations_iPhone = "UIInterfaceOrientationPortrait UIInterfaceOrientationLandscapeLeft UIInterfaceOrientationLandscapeRight";
				LD_RUNPATH_SEARCH_PATHS = (
					"$(inherited)",
					"@executable_path/Frameworks",
				);
				MARKETING_VERSION = 1.0;
				PRODUCT_BUNDLE_IDENTIFIER = com.demothreen.NewsApp;
				PRODUCT_NAME = "$(TARGET_NAME)";
				SWIFT_EMIT_LOC_STRINGS = YES;
				SWIFT_VERSION = 5.0;
				TARGETED_DEVICE_FAMILY = 1;
			};
			name = Debug;
		};
		4A2CCB8F27C94D4800D13DEA /* Release */ = {
			isa = XCBuildConfiguration;
			baseConfigurationReference = 4CAB75EEAE2303D242D0E66B /* Pods-NewsApp.release.xcconfig */;
			buildSettings = {
				ASSETCATALOG_COMPILER_APPICON_NAME = AppIcon;
				ASSETCATALOG_COMPILER_GLOBAL_ACCENT_COLOR_NAME = AccentColor;
				CODE_SIGN_STYLE = Automatic;
				CURRENT_PROJECT_VERSION = 1;
				DEVELOPMENT_TEAM = 967NAX245W;
				GENERATE_INFOPLIST_FILE = YES;
				INFOPLIST_FILE = NewsApp/Info.plist;
				INFOPLIST_KEY_UIApplicationSupportsIndirectInputEvents = YES;
				INFOPLIST_KEY_UILaunchStoryboardName = LaunchScreen;
				INFOPLIST_KEY_UIMainStoryboardFile = "";
				INFOPLIST_KEY_UISupportedInterfaceOrientations_iPad = "UIInterfaceOrientationPortrait UIInterfaceOrientationPortraitUpsideDown UIInterfaceOrientationLandscapeLeft UIInterfaceOrientationLandscapeRight";
				INFOPLIST_KEY_UISupportedInterfaceOrientations_iPhone = "UIInterfaceOrientationPortrait UIInterfaceOrientationLandscapeLeft UIInterfaceOrientationLandscapeRight";
				LD_RUNPATH_SEARCH_PATHS = (
					"$(inherited)",
					"@executable_path/Frameworks",
				);
				MARKETING_VERSION = 1.0;
				PRODUCT_BUNDLE_IDENTIFIER = com.demothreen.NewsApp;
				PRODUCT_NAME = "$(TARGET_NAME)";
				SWIFT_EMIT_LOC_STRINGS = YES;
				SWIFT_VERSION = 5.0;
				TARGETED_DEVICE_FAMILY = 1;
			};
			name = Release;
		};
		4A2CCB9427C94D4800D13DEA /* Debug */ = {
			isa = XCBuildConfiguration;
			baseConfigurationReference = FBB076B81CFD1777F4E8D33D /* Pods-NewsApp-NewsAppUITests.debug.xcconfig */;
			buildSettings = {
				ALWAYS_EMBED_SWIFT_STANDARD_LIBRARIES = YES;
				CODE_SIGN_STYLE = Automatic;
				CURRENT_PROJECT_VERSION = 1;
				DEVELOPMENT_TEAM = 967NAX245W;
				GENERATE_INFOPLIST_FILE = YES;
				MARKETING_VERSION = 1.0;
				PRODUCT_BUNDLE_IDENTIFIER = com.demothreen.NewsAppUITests;
				PRODUCT_NAME = "$(TARGET_NAME)";
				SWIFT_EMIT_LOC_STRINGS = NO;
				SWIFT_VERSION = 5.0;
				TARGETED_DEVICE_FAMILY = "1,2";
				TEST_TARGET_NAME = NewsApp;
			};
			name = Debug;
		};
		4A2CCB9527C94D4800D13DEA /* Release */ = {
			isa = XCBuildConfiguration;
			baseConfigurationReference = 5302177194BBE6C240E6C865 /* Pods-NewsApp-NewsAppUITests.release.xcconfig */;
			buildSettings = {
				ALWAYS_EMBED_SWIFT_STANDARD_LIBRARIES = YES;
				CODE_SIGN_STYLE = Automatic;
				CURRENT_PROJECT_VERSION = 1;
				DEVELOPMENT_TEAM = 967NAX245W;
				GENERATE_INFOPLIST_FILE = YES;
				MARKETING_VERSION = 1.0;
				PRODUCT_BUNDLE_IDENTIFIER = com.demothreen.NewsAppUITests;
				PRODUCT_NAME = "$(TARGET_NAME)";
				SWIFT_EMIT_LOC_STRINGS = NO;
				SWIFT_VERSION = 5.0;
				TARGETED_DEVICE_FAMILY = "1,2";
				TEST_TARGET_NAME = NewsApp;
			};
			name = Release;
		};
/* End XCBuildConfiguration section */

/* Begin XCConfigurationList section */
		4A2CCB5E27C94D4700D13DEA /* Build configuration list for PBXProject "NewsApp" */ = {
			isa = XCConfigurationList;
			buildConfigurations = (
				4A2CCB8B27C94D4800D13DEA /* Debug */,
				4A2CCB8C27C94D4800D13DEA /* Release */,
			);
			defaultConfigurationIsVisible = 0;
			defaultConfigurationName = Release;
		};
		4A2CCB8D27C94D4800D13DEA /* Build configuration list for PBXNativeTarget "NewsApp" */ = {
			isa = XCConfigurationList;
			buildConfigurations = (
				4A2CCB8E27C94D4800D13DEA /* Debug */,
				4A2CCB8F27C94D4800D13DEA /* Release */,
			);
			defaultConfigurationIsVisible = 0;
			defaultConfigurationName = Release;
		};
		4A2CCB9327C94D4800D13DEA /* Build configuration list for PBXNativeTarget "NewsAppUITests" */ = {
			isa = XCConfigurationList;
			buildConfigurations = (
				4A2CCB9427C94D4800D13DEA /* Debug */,
				4A2CCB9527C94D4800D13DEA /* Release */,
			);
			defaultConfigurationIsVisible = 0;
			defaultConfigurationName = Release;
		};
/* End XCConfigurationList section */
	};
	rootObject = 4A2CCB5B27C94D4700D13DEA /* Project object */;
}
